// !$*UTF8*$!
{
	archiveVersion = 1;
	classes = {
	};
	objectVersion = 46;
	objects = {

/* Begin PBXBuildFile section */
		A4342E5C18F56EA800361B4F /* Foundation.framework in Frameworks */ = {isa = PBXBuildFile; fileRef = A4342E5B18F56EA800361B4F /* Foundation.framework */; };
		A4342E5E18F56EA800361B4F /* CoreGraphics.framework in Frameworks */ = {isa = PBXBuildFile; fileRef = A4342E5D18F56EA800361B4F /* CoreGraphics.framework */; };
		A4342E6018F56EA800361B4F /* UIKit.framework in Frameworks */ = {isa = PBXBuildFile; fileRef = A4342E5F18F56EA800361B4F /* UIKit.framework */; };
		A4342E6218F56EA800361B4F /* SpriteKit.framework in Frameworks */ = {isa = PBXBuildFile; fileRef = A4342E6118F56EA800361B4F /* SpriteKit.framework */; };
		A4342E6818F56EA800361B4F /* InfoPlist.strings in Resources */ = {isa = PBXBuildFile; fileRef = A4342E6618F56EA800361B4F /* InfoPlist.strings */; };
		A4342E6A18F56EA800361B4F /* main.m in Sources */ = {isa = PBXBuildFile; fileRef = A4342E6918F56EA800361B4F /* main.m */; };
		A4342E6E18F56EA800361B4F /* YXYAppDelegate.m in Sources */ = {isa = PBXBuildFile; fileRef = A4342E6D18F56EA800361B4F /* YXYAppDelegate.m */; };
		A4342E7118F56EA800361B4F /* Main.storyboard in Resources */ = {isa = PBXBuildFile; fileRef = A4342E6F18F56EA800361B4F /* Main.storyboard */; };
		A4342E7418F56EA800361B4F /* YXYViewController.m in Sources */ = {isa = PBXBuildFile; fileRef = A4342E7318F56EA800361B4F /* YXYViewController.m */; };
		A4342E7718F56EA800361B4F /* PlayFieldScene.m in Sources */ = {isa = PBXBuildFile; fileRef = A4342E7618F56EA800361B4F /* PlayFieldScene.m */; };
		A4342E7918F56EA800361B4F /* Spaceship.png in Resources */ = {isa = PBXBuildFile; fileRef = A4342E7818F56EA800361B4F /* Spaceship.png */; };
		A4342E7B18F56EA800361B4F /* Images.xcassets in Resources */ = {isa = PBXBuildFile; fileRef = A4342E7A18F56EA800361B4F /* Images.xcassets */; };
		A4342E8218F56EA800361B4F /* XCTest.framework in Frameworks */ = {isa = PBXBuildFile; fileRef = A4342E8118F56EA800361B4F /* XCTest.framework */; };
		A4342E8318F56EA800361B4F /* Foundation.framework in Frameworks */ = {isa = PBXBuildFile; fileRef = A4342E5B18F56EA800361B4F /* Foundation.framework */; };
		A4342E8418F56EA800361B4F /* UIKit.framework in Frameworks */ = {isa = PBXBuildFile; fileRef = A4342E5F18F56EA800361B4F /* UIKit.framework */; };
		A4342E8C18F56EA800361B4F /* InfoPlist.strings in Resources */ = {isa = PBXBuildFile; fileRef = A4342E8A18F56EA800361B4F /* InfoPlist.strings */; };
		A4342E8E18F56EA800361B4F /* PhysicsTests.m in Sources */ = {isa = PBXBuildFile; fileRef = A4342E8D18F56EA800361B4F /* PhysicsTests.m */; };
		A4EB2D5D1902356F00B28405 /* bokeh.png in Resources */ = {isa = PBXBuildFile; fileRef = A4EB2D5B1902356F00B28405 /* bokeh.png */; };
		A4EB2D6619023C1600B28405 /* MyParticle.sks in Resources */ = {isa = PBXBuildFile; fileRef = A4EB2D6519023C1600B28405 /* MyParticle.sks */; };
		A4EBAC8118F69C07009784E7 /* MyFire.sks in Resources */ = {isa = PBXBuildFile; fileRef = A4EBAC7F18F69C07009784E7 /* MyFire.sks */; };
		A4EBAC8218F69C07009784E7 /* spark.png in Resources */ = {isa = PBXBuildFile; fileRef = A4EBAC8018F69C07009784E7 /* spark.png */; };
/* End PBXBuildFile section */

/* Begin PBXContainerItemProxy section */
		A4342E8518F56EA800361B4F /* PBXContainerItemProxy */ = {
			isa = PBXContainerItemProxy;
			containerPortal = A4342E5018F56EA800361B4F /* Project object */;
			proxyType = 1;
			remoteGlobalIDString = A4342E5718F56EA800361B4F;
			remoteInfo = Physics;
		};
/* End PBXContainerItemProxy section */

/* Begin PBXFileReference section */
		A4342E5818F56EA800361B4F /* Physics.app */ = {isa = PBXFileReference; explicitFileType = wrapper.application; includeInIndex = 0; path = Physics.app; sourceTree = BUILT_PRODUCTS_DIR; };
		A4342E5B18F56EA800361B4F /* Foundation.framework */ = {isa = PBXFileReference; lastKnownFileType = wrapper.framework; name = Foundation.framework; path = System/Library/Frameworks/Foundation.framework; sourceTree = SDKROOT; };
		A4342E5D18F56EA800361B4F /* CoreGraphics.framework */ = {isa = PBXFileReference; lastKnownFileType = wrapper.framework; name = CoreGraphics.framework; path = System/Library/Frameworks/CoreGraphics.framework; sourceTree = SDKROOT; };
		A4342E5F18F56EA800361B4F /* UIKit.framework */ = {isa = PBXFileReference; lastKnownFileType = wrapper.framework; name = UIKit.framework; path = System/Library/Frameworks/UIKit.framework; sourceTree = SDKROOT; };
		A4342E6118F56EA800361B4F /* SpriteKit.framework */ = {isa = PBXFileReference; lastKnownFileType = wrapper.framework; name = SpriteKit.framework; path = System/Library/Frameworks/SpriteKit.framework; sourceTree = SDKROOT; };
		A4342E6518F56EA800361B4F /* Physics-Info.plist */ = {isa = PBXFileReference; lastKnownFileType = text.plist.xml; path = "Physics-Info.plist"; sourceTree = "<group>"; };
		A4342E6718F56EA800361B4F /* en */ = {isa = PBXFileReference; lastKnownFileType = text.plist.strings; name = en; path = en.lproj/InfoPlist.strings; sourceTree = "<group>"; };
		A4342E6918F56EA800361B4F /* main.m */ = {isa = PBXFileReference; lastKnownFileType = sourcecode.c.objc; path = main.m; sourceTree = "<group>"; };
		A4342E6B18F56EA800361B4F /* Physics-Prefix.pch */ = {isa = PBXFileReference; lastKnownFileType = sourcecode.c.h; path = "Physics-Prefix.pch"; sourceTree = "<group>"; };
		A4342E6C18F56EA800361B4F /* YXYAppDelegate.h */ = {isa = PBXFileReference; lastKnownFileType = sourcecode.c.h; path = YXYAppDelegate.h; sourceTree = "<group>"; };
		A4342E6D18F56EA800361B4F /* YXYAppDelegate.m */ = {isa = PBXFileReference; lastKnownFileType = sourcecode.c.objc; path = YXYAppDelegate.m; sourceTree = "<group>"; };
		A4342E7018F56EA800361B4F /* Base */ = {isa = PBXFileReference; lastKnownFileType = file.storyboard; name = Base; path = Base.lproj/Main.storyboard; sourceTree = "<group>"; };
		A4342E7218F56EA800361B4F /* YXYViewController.h */ = {isa = PBXFileReference; lastKnownFileType = sourcecode.c.h; path = YXYViewController.h; sourceTree = "<group>"; };
		A4342E7318F56EA800361B4F /* YXYViewController.m */ = {isa = PBXFileReference; lastKnownFileType = sourcecode.c.objc; path = YXYViewController.m; sourceTree = "<group>"; };
		A4342E7518F56EA800361B4F /* PlayFieldScene.h */ = {isa = PBXFileReference; lastKnownFileType = sourcecode.c.h; path = PlayFieldScene.h; sourceTree = "<group>"; };
		A4342E7618F56EA800361B4F /* PlayFieldScene.m */ = {isa = PBXFileReference; lastKnownFileType = sourcecode.c.objc; path = PlayFieldScene.m; sourceTree = "<group>"; };
		A4342E7818F56EA800361B4F /* Spaceship.png */ = {isa = PBXFileReference; lastKnownFileType = image.png; path = Spaceship.png; sourceTree = "<group>"; };
		A4342E7A18F56EA800361B4F /* Images.xcassets */ = {isa = PBXFileReference; lastKnownFileType = folder.assetcatalog; path = Images.xcassets; sourceTree = "<group>"; };
		A4342E8018F56EA800361B4F /* PhysicsTests.xctest */ = {isa = PBXFileReference; explicitFileType = wrapper.cfbundle; includeInIndex = 0; path = PhysicsTests.xctest; sourceTree = BUILT_PRODUCTS_DIR; };
		A4342E8118F56EA800361B4F /* XCTest.framework */ = {isa = PBXFileReference; lastKnownFileType = wrapper.framework; name = XCTest.framework; path = Library/Frameworks/XCTest.framework; sourceTree = DEVELOPER_DIR; };
		A4342E8918F56EA800361B4F /* PhysicsTests-Info.plist */ = {isa = PBXFileReference; lastKnownFileType = text.plist.xml; path = "PhysicsTests-Info.plist"; sourceTree = "<group>"; };
		A4342E8B18F56EA800361B4F /* en */ = {isa = PBXFileReference; lastKnownFileType = text.plist.strings; name = en; path = en.lproj/InfoPlist.strings; sourceTree = "<group>"; };
		A4342E8D18F56EA800361B4F /* PhysicsTests.m */ = {isa = PBXFileReference; lastKnownFileType = sourcecode.c.objc; path = PhysicsTests.m; sourceTree = "<group>"; };
		A4EB2D5B1902356F00B28405 /* bokeh.png */ = {isa = PBXFileReference; lastKnownFileType = image.png; path = bokeh.png; sourceTree = "<group>"; };
		A4EB2D6519023C1600B28405 /* MyParticle.sks */ = {isa = PBXFileReference; lastKnownFileType = file.sks; path = MyParticle.sks; sourceTree = "<group>"; };
		A4EBAC7F18F69C07009784E7 /* MyFire.sks */ = {isa = PBXFileReference; lastKnownFileType = file.sks; path = MyFire.sks; sourceTree = "<group>"; };
		A4EBAC8018F69C07009784E7 /* spark.png */ = {isa = PBXFileReference; lastKnownFileType = image.png; path = spark.png; sourceTree = "<group>"; };
/* End PBXFileReference section */

/* Begin PBXFrameworksBuildPhase section */
		A4342E5518F56EA800361B4F /* Frameworks */ = {
			isa = PBXFrameworksBuildPhase;
			buildActionMask = 2147483647;
			files = (
				A4342E5E18F56EA800361B4F /* CoreGraphics.framework in Frameworks */,
				A4342E6018F56EA800361B4F /* UIKit.framework in Frameworks */,
				A4342E6218F56EA800361B4F /* SpriteKit.framework in Frameworks */,
				A4342E5C18F56EA800361B4F /* Foundation.framework in Frameworks */,
			);
			runOnlyForDeploymentPostprocessing = 0;
		};
		A4342E7D18F56EA800361B4F /* Frameworks */ = {
			isa = PBXFrameworksBuildPhase;
			buildActionMask = 2147483647;
			files = (
				A4342E8218F56EA800361B4F /* XCTest.framework in Frameworks */,
				A4342E8418F56EA800361B4F /* UIKit.framework in Frameworks */,
				A4342E8318F56EA800361B4F /* Foundation.framework in Frameworks */,
			);
			runOnlyForDeploymentPostprocessing = 0;
		};
/* End PBXFrameworksBuildPhase section */

/* Begin PBXGroup section */
		A4342E4F18F56EA800361B4F = {
			isa = PBXGroup;
			children = (
				A4342E6318F56EA800361B4F /* Physics */,
				A4342E8718F56EA800361B4F /* PhysicsTests */,
				A4342E5A18F56EA800361B4F /* Frameworks */,
				A4342E5918F56EA800361B4F /* Products */,
			);
			sourceTree = "<group>";
		};
		A4342E5918F56EA800361B4F /* Products */ = {
			isa = PBXGroup;
			children = (
				A4342E5818F56EA800361B4F /* Physics.app */,
				A4342E8018F56EA800361B4F /* PhysicsTests.xctest */,
			);
			name = Products;
			sourceTree = "<group>";
		};
		A4342E5A18F56EA800361B4F /* Frameworks */ = {
			isa = PBXGroup;
			children = (
				A4342E5B18F56EA800361B4F /* Foundation.framework */,
				A4342E5D18F56EA800361B4F /* CoreGraphics.framework */,
				A4342E5F18F56EA800361B4F /* UIKit.framework */,
				A4342E6118F56EA800361B4F /* SpriteKit.framework */,
				A4342E8118F56EA800361B4F /* XCTest.framework */,
			);
			name = Frameworks;
			sourceTree = "<group>";
		};
		A4342E6318F56EA800361B4F /* Physics */ = {
			isa = PBXGroup;
			children = (
				A4342E6C18F56EA800361B4F /* YXYAppDelegate.h */,
				A4342E6D18F56EA800361B4F /* YXYAppDelegate.m */,
				A4342E6F18F56EA800361B4F /* Main.storyboard */,
				A4342E7218F56EA800361B4F /* YXYViewController.h */,
				A4342E7318F56EA800361B4F /* YXYViewController.m */,
				A4342E7518F56EA800361B4F /* PlayFieldScene.h */,
				A4342E7618F56EA800361B4F /* PlayFieldScene.m */,
				A4EBAC7F18F69C07009784E7 /* MyFire.sks */,
				A4EBAC8018F69C07009784E7 /* spark.png */,
				A4342E7818F56EA800361B4F /* Spaceship.png */,
				A4342E7A18F56EA800361B4F /* Images.xcassets */,
				A4342E6418F56EA800361B4F /* Supporting Files */,
				A4EB2D5B1902356F00B28405 /* bokeh.png */,
				A4EB2D6519023C1600B28405 /* MyParticle.sks */,
			);
			path = Physics;
			sourceTree = "<group>";
		};
		A4342E6418F56EA800361B4F /* Supporting Files */ = {
			isa = PBXGroup;
			children = (
				A4342E6518F56EA800361B4F /* Physics-Info.plist */,
				A4342E6618F56EA800361B4F /* InfoPlist.strings */,
				A4342E6918F56EA800361B4F /* main.m */,
				A4342E6B18F56EA800361B4F /* Physics-Prefix.pch */,
			);
			name = "Supporting Files";
			sourceTree = "<group>";
		};
		A4342E8718F56EA800361B4F /* PhysicsTests */ = {
			isa = PBXGroup;
			children = (
				A4342E8D18F56EA800361B4F /* PhysicsTests.m */,
				A4342E8818F56EA800361B4F /* Supporting Files */,
			);
			path = PhysicsTests;
			sourceTree = "<group>";
		};
		A4342E8818F56EA800361B4F /* Supporting Files */ = {
			isa = PBXGroup;
			children = (
				A4342E8918F56EA800361B4F /* PhysicsTests-Info.plist */,
				A4342E8A18F56EA800361B4F /* InfoPlist.strings */,
			);
			name = "Supporting Files";
			sourceTree = "<group>";
		};
/* End PBXGroup section */

/* Begin PBXNativeTarget section */
		A4342E5718F56EA800361B4F /* Physics */ = {
			isa = PBXNativeTarget;
			buildConfigurationList = A4342E9118F56EA800361B4F /* Build configuration list for PBXNativeTarget "Physics" */;
			buildPhases = (
				A4342E5418F56EA800361B4F /* Sources */,
				A4342E5518F56EA800361B4F /* Frameworks */,
				A4342E5618F56EA800361B4F /* Resources */,
			);
			buildRules = (
			);
			dependencies = (
			);
			name = Physics;
			productName = Physics;
			productReference = A4342E5818F56EA800361B4F /* Physics.app */;
			productType = "com.apple.product-type.application";
		};
		A4342E7F18F56EA800361B4F /* PhysicsTests */ = {
			isa = PBXNativeTarget;
			buildConfigurationList = A4342E9418F56EA800361B4F /* Build configuration list for PBXNativeTarget "PhysicsTests" */;
			buildPhases = (
				A4342E7C18F56EA800361B4F /* Sources */,
				A4342E7D18F56EA800361B4F /* Frameworks */,
				A4342E7E18F56EA800361B4F /* Resources */,
			);
			buildRules = (
			);
			dependencies = (
				A4342E8618F56EA800361B4F /* PBXTargetDependency */,
			);
			name = PhysicsTests;
			productName = PhysicsTests;
			productReference = A4342E8018F56EA800361B4F /* PhysicsTests.xctest */;
			productType = "com.apple.product-type.bundle.unit-test";
		};
/* End PBXNativeTarget section */

/* Begin PBXProject section */
		A4342E5018F56EA800361B4F /* Project object */ = {
			isa = PBXProject;
			attributes = {
				CLASSPREFIX = YXY;
				LastUpgradeCheck = 0510;
				ORGANIZATIONNAME = "杨萧玉";
				TargetAttributes = {
					A4342E7F18F56EA800361B4F = {
						TestTargetID = A4342E5718F56EA800361B4F;
					};
				};
			};
			buildConfigurationList = A4342E5318F56EA800361B4F /* Build configuration list for PBXProject "Physics" */;
			compatibilityVersion = "Xcode 3.2";
			developmentRegion = English;
			hasScannedForEncodings = 0;
			knownRegions = (
				en,
				Base,
			);
			mainGroup = A4342E4F18F56EA800361B4F;
			productRefGroup = A4342E5918F56EA800361B4F /* Products */;
			projectDirPath = "";
			projectRoot = "";
			targets = (
				A4342E5718F56EA800361B4F /* Physics */,
				A4342E7F18F56EA800361B4F /* PhysicsTests */,
			);
		};
/* End PBXProject section */

/* Begin PBXResourcesBuildPhase section */
		A4342E5618F56EA800361B4F /* Resources */ = {
			isa = PBXResourcesBuildPhase;
			buildActionMask = 2147483647;
			files = (
				A4342E6818F56EA800361B4F /* InfoPlist.strings in Resources */,
				A4EBAC8218F69C07009784E7 /* spark.png in Resources */,
				A4342E7B18F56EA800361B4F /* Images.xcassets in Resources */,
				A4342E7918F56EA800361B4F /* Spaceship.png in Resources */,
				A4EB2D5D1902356F00B28405 /* bokeh.png in Resources */,
				A4342E7118F56EA800361B4F /* Main.storyboard in Resources */,
				A4EBAC8118F69C07009784E7 /* MyFire.sks in Resources */,
				A4EB2D6619023C1600B28405 /* MyParticle.sks in Resources */,
			);
			runOnlyForDeploymentPostprocessing = 0;
		};
		A4342E7E18F56EA800361B4F /* Resources */ = {
			isa = PBXResourcesBuildPhase;
			buildActionMask = 2147483647;
			files = (
				A4342E8C18F56EA800361B4F /* InfoPlist.strings in Resources */,
			);
			runOnlyForDeploymentPostprocessing = 0;
		};
/* End PBXResourcesBuildPhase section */

/* Begin PBXSourcesBuildPhase section */
		A4342E5418F56EA800361B4F /* Sources */ = {
			isa = PBXSourcesBuildPhase;
			buildActionMask = 2147483647;
			files = (
				A4342E7418F56EA800361B4F /* YXYViewController.m in Sources */,
				A4342E7718F56EA800361B4F /* PlayFieldScene.m in Sources */,
				A4342E6A18F56EA800361B4F /* main.m in Sources */,
				A4342E6E18F56EA800361B4F /* YXYAppDelegate.m in Sources */,
			);
			runOnlyForDeploymentPostprocessing = 0;
		};
		A4342E7C18F56EA800361B4F /* Sources */ = {
			isa = PBXSourcesBuildPhase;
			buildActionMask = 2147483647;
			files = (
				A4342E8E18F56EA800361B4F /* PhysicsTests.m in Sources */,
			);
			runOnlyForDeploymentPostprocessing = 0;
		};
/* End PBXSourcesBuildPhase section */

/* Begin PBXTargetDependency section */
		A4342E8618F56EA800361B4F /* PBXTargetDependency */ = {
			isa = PBXTargetDependency;
			target = A4342E5718F56EA800361B4F /* Physics */;
			targetProxy = A4342E8518F56EA800361B4F /* PBXContainerItemProxy */;
		};
/* End PBXTargetDependency section */

/* Begin PBXVariantGroup section */
		A4342E6618F56EA800361B4F /* InfoPlist.strings */ = {
			isa = PBXVariantGroup;
			children = (
				A4342E6718F56EA800361B4F /* en */,
			);
			name = InfoPlist.strings;
			sourceTree = "<group>";
		};
		A4342E6F18F56EA800361B4F /* Main.storyboard */ = {
			isa = PBXVariantGroup;
			children = (
				A4342E7018F56EA800361B4F /* Base */,
			);
			name = Main.storyboard;
			sourceTree = "<group>";
		};
		A4342E8A18F56EA800361B4F /* InfoPlist.strings */ = {
			isa = PBXVariantGroup;
			children = (
				A4342E8B18F56EA800361B4F /* en */,
			);
			name = InfoPlist.strings;
			sourceTree = "<group>";
		};
/* End PBXVariantGroup section */

/* Begin XCBuildConfiguration section */
		A4342E8F18F56EA800361B4F /* Debug */ = {
			isa = XCBuildConfiguration;
			buildSettings = {
				ALWAYS_SEARCH_USER_PATHS = NO;
				CLANG_CXX_LANGUAGE_STANDARD = "gnu++0x";
				CLANG_CXX_LIBRARY = "libc++";
				CLANG_ENABLE_MODULES = YES;
				CLANG_ENABLE_OBJC_ARC = YES;
				CLANG_WARN_BOOL_CONVERSION = YES;
				CLANG_WARN_CONSTANT_CONVERSION = YES;
				CLANG_WARN_DIRECT_OBJC_ISA_USAGE = YES_ERROR;
				CLANG_WARN_EMPTY_BODY = YES;
				CLANG_WARN_ENUM_CONVERSION = YES;
				CLANG_WARN_INT_CONVERSION = YES;
				CLANG_WARN_OBJC_ROOT_CLASS = YES_ERROR;
				CLANG_WARN__DUPLICATE_METHOD_MATCH = YES;
				"CODE_SIGN_IDENTITY[sdk=iphoneos*]" = "iPhone Developer";
				COPY_PHASE_STRIP = NO;
				GCC_C_LANGUAGE_STANDARD = gnu99;
				GCC_DYNAMIC_NO_PIC = NO;
				GCC_OPTIMIZATION_LEVEL = 0;
				GCC_PREPROCESSOR_DEFINITIONS = (
					"DEBUG=1",
					"$(inherited)",
				);
				GCC_SYMBOLS_PRIVATE_EXTERN = NO;
				GCC_WARN_64_TO_32_BIT_CONVERSION = YES;
				GCC_WARN_ABOUT_RETURN_TYPE = YES_ERROR;
				GCC_WARN_UNDECLARED_SELECTOR = YES;
				GCC_WARN_UNINITIALIZED_AUTOS = YES_AGGRESSIVE;
				GCC_WARN_UNUSED_FUNCTION = YES;
				GCC_WARN_UNUSED_VARIABLE = YES;
				IPHONEOS_DEPLOYMENT_TARGET = 7.1;
				ONLY_ACTIVE_ARCH = YES;
				SDKROOT = iphoneos;
			};
			name = Debug;
		};
		A4342E9018F56EA800361B4F /* Release */ = {
			isa = XCBuildConfiguration;
			buildSettings = {
				ALWAYS_SEARCH_USER_PATHS = NO;
				CLANG_CXX_LANGUAGE_STANDARD = "gnu++0x";
				CLANG_CXX_LIBRARY = "libc++";
				CLANG_ENABLE_MODULES = YES;
				CLANG_ENABLE_OBJC_ARC = YES;
				CLANG_WARN_BOOL_CONVERSION = YES;
				CLANG_WARN_CONSTANT_CONVERSION = YES;
				CLANG_WARN_DIRECT_OBJC_ISA_USAGE = YES_ERROR;
				CLANG_WARN_EMPTY_BODY = YES;
				CLANG_WARN_ENUM_CONVERSION = YES;
				CLANG_WARN_INT_CONVERSION = YES;
				CLANG_WARN_OBJC_ROOT_CLASS = YES_ERROR;
				CLANG_WARN__DUPLICATE_METHOD_MATCH = YES;
				"CODE_SIGN_IDENTITY[sdk=iphoneos*]" = "iPhone Developer";
				COPY_PHASE_STRIP = YES;
				ENABLE_NS_ASSERTIONS = NO;
				GCC_C_LANGUAGE_STANDARD = gnu99;
				GCC_WARN_64_TO_32_BIT_CONVERSION = YES;
				GCC_WARN_ABOUT_RETURN_TYPE = YES_ERROR;
				GCC_WARN_UNDECLARED_SELECTOR = YES;
				GCC_WARN_UNINITIALIZED_AUTOS = YES_AGGRESSIVE;
				GCC_WARN_UNUSED_FUNCTION = YES;
				GCC_WARN_UNUSED_VARIABLE = YES;
				IPHONEOS_DEPLOYMENT_TARGET = 7.1;
				SDKROOT = iphoneos;
				VALIDATE_PRODUCT = YES;
			};
			name = Release;
		};
		A4342E9218F56EA800361B4F /* Debug */ = {
			isa = XCBuildConfiguration;
			buildSettings = {
				ASSETCATALOG_COMPILER_APPICON_NAME = AppIcon;
				ASSETCATALOG_COMPILER_LAUNCHIMAGE_NAME = LaunchImage;
				GCC_PRECOMPILE_PREFIX_HEADER = YES;
				GCC_PREFIX_HEADER = "Physics/Physics-Prefix.pch";
				INFOPLIST_FILE = "Physics/Physics-Info.plist";
				PRODUCT_NAME = "$(TARGET_NAME)";
				SPRITEKIT_TEXTURE_ATLAS_OUTPUT = YES;
				WRAPPER_EXTENSION = app;
			};
			name = Debug;
		};
		A4342E9318F56EA800361B4F /* Release */ = {
			isa = XCBuildConfiguration;
			buildSettings = {
				ASSETCATALOG_COMPILER_APPICON_NAME = AppIcon;
				ASSETCATALOG_COMPILER_LAUNCHIMAGE_NAME = LaunchImage;
				GCC_PRECOMPILE_PREFIX_HEADER = YES;
				GCC_PREFIX_HEADER = "Physics/Physics-Prefix.pch";
				INFOPLIST_FILE = "Physics/Physics-Info.plist";
				PRODUCT_NAME = "$(TARGET_NAME)";
				SPRITEKIT_TEXTURE_ATLAS_OUTPUT = YES;
				WRAPPER_EXTENSION = app;
			};
			name = Release;
		};
		A4342E9518F56EA800361B4F /* Debug */ = {
			isa = XCBuildConfiguration;
			buildSettings = {
				BUNDLE_LOADER = "$(BUILT_PRODUCTS_DIR)/Physics.app/Physics";
				FRAMEWORK_SEARCH_PATHS = (
					"$(SDKROOT)/Developer/Library/Frameworks",
					"$(inherited)",
					"$(DEVELOPER_FRAMEWORKS_DIR)",
				);
				GCC_PRECOMPILE_PREFIX_HEADER = YES;
				GCC_PREFIX_HEADER = "Physics/Physics-Prefix.pch";
				GCC_PREPROCESSOR_DEFINITIONS = (
					"DEBUG=1",
					"$(inherited)",
				);
				INFOPLIST_FILE = "PhysicsTests/PhysicsTests-Info.plist";
				PRODUCT_NAME = "$(TARGET_NAME)";
				TEST_HOST = "$(BUNDLE_LOADER)";
				WRAPPER_EXTENSION = xctest;
			};
			name = Debug;
		};
		A4342E9618F56EA800361B4F /* Release */ = {
			isa = XCBuildConfiguration;
			buildSettings = {
				BUNDLE_LOADER = "$(BUILT_PRODUCTS_DIR)/Physics.app/Physics";
				FRAMEWORK_SEARCH_PATHS = (
					"$(SDKROOT)/Developer/Library/Frameworks",
					"$(inherited)",
					"$(DEVELOPER_FRAMEWORKS_DIR)",
				);
				GCC_PRECOMPILE_PREFIX_HEADER = YES;
				GCC_PREFIX_HEADER = "Physics/Physics-Prefix.pch";
				INFOPLIST_FILE = "PhysicsTests/PhysicsTests-Info.plist";
				PRODUCT_NAME = "$(TARGET_NAME)";
				TEST_HOST = "$(BUNDLE_LOADER)";
				WRAPPER_EXTENSION = xctest;
			};
			name = Release;
		};
/* End XCBuildConfiguration section */

/* Begin XCConfigurationList section */
		A4342E5318F56EA800361B4F /* Build configuration list for PBXProject "Physics" */ = {
			isa = XCConfigurationList;
			buildConfigurations = (
				A4342E8F18F56EA800361B4F /* Debug */,
				A4342E9018F56EA800361B4F /* Release */,
			);
			defaultConfigurationIsVisible = 0;
			defaultConfigurationName = Release;
		};
		A4342E9118F56EA800361B4F /* Build configuration list for PBXNativeTarget "Physics" */ = {
			isa = XCConfigurationList;
			buildConfigurations = (
				A4342E9218F56EA800361B4F /* Debug */,
				A4342E9318F56EA800361B4F /* Release */,
			);
			defaultConfigurationIsVisible = 0;
			defaultConfigurationName = Release;
		};
		A4342E9418F56EA800361B4F /* Build configuration list for PBXNativeTarget "PhysicsTests" */ = {
			isa = XCConfigurationList;
			buildConfigurations = (
				A4342E9518F56EA800361B4F /* Debug */,
				A4342E9618F56EA800361B4F /* Release */,
			);
			defaultConfigurationIsVisible = 0;
			defaultConfigurationName = Release;
		};
/* End XCConfigurationList section */
	};
	rootObject = A4342E5018F56EA800361B4F /* Project object */;
}
